// !$*UTF8*$!
{
	archiveVersion = 1;
	classes = {
	};
	objectVersion = 50;
	objects = {

/* Begin PBXBuildFile section */
		906662C624D0D1FF0088B033 /* AppDelegate.swift in Sources */ = {isa = PBXBuildFile; fileRef = 906662C524D0D1FF0088B033 /* AppDelegate.swift */; };
		906662C824D0D1FF0088B033 /* SceneDelegate.swift in Sources */ = {isa = PBXBuildFile; fileRef = 906662C724D0D1FF0088B033 /* SceneDelegate.swift */; };
		906662CA24D0D1FF0088B033 /* ViewController.swift in Sources */ = {isa = PBXBuildFile; fileRef = 906662C924D0D1FF0088B033 /* ViewController.swift */; };
		906662CD24D0D1FF0088B033 /* Main.storyboard in Resources */ = {isa = PBXBuildFile; fileRef = 906662CB24D0D1FF0088B033 /* Main.storyboard */; };
		906662CF24D0D2000088B033 /* Assets.xcassets in Resources */ = {isa = PBXBuildFile; fileRef = 906662CE24D0D2000088B033 /* Assets.xcassets */; };
		906662D224D0D2000088B033 /* LaunchScreen.storyboard in Resources */ = {isa = PBXBuildFile; fileRef = 906662D024D0D2000088B033 /* LaunchScreen.storyboard */; };
		906662DA24D0D2F50088B033 /* PageViewController.swift in Sources */ = {isa = PBXBuildFile; fileRef = 906662D924D0D2F50088B033 /* PageViewController.swift */; };
		906662DC24D0D3290088B033 /* ViewController1.swift in Sources */ = {isa = PBXBuildFile; fileRef = 906662DB24D0D3290088B033 /* ViewController1.swift */; };
		906662DE24D0D3450088B033 /* ViewController2.swift in Sources */ = {isa = PBXBuildFile; fileRef = 906662DD24D0D3450088B033 /* ViewController2.swift */; };
		906662E024D0D3720088B033 /* ViewController3.swift in Sources */ = {isa = PBXBuildFile; fileRef = 906662DF24D0D3720088B033 /* ViewController3.swift */; };
/* End PBXBuildFile section */

/* Begin PBXFileReference section */
		906662C224D0D1FF0088B033 /* PageViewControllerAndTableView.app */ = {isa = PBXFileReference; explicitFileType = wrapper.application; includeInIndex = 0; path = PageViewControllerAndTableView.app; sourceTree = BUILT_PRODUCTS_DIR; };
		906662C524D0D1FF0088B033 /* AppDelegate.swift */ = {isa = PBXFileReference; lastKnownFileType = sourcecode.swift; path = AppDelegate.swift; sourceTree = "<group>"; };
		906662C724D0D1FF0088B033 /* SceneDelegate.swift */ = {isa = PBXFileReference; lastKnownFileType = sourcecode.swift; path = SceneDelegate.swift; sourceTree = "<group>"; };
		906662C924D0D1FF0088B033 /* ViewController.swift */ = {isa = PBXFileReference; lastKnownFileType = sourcecode.swift; path = ViewController.swift; sourceTree = "<group>"; };
		906662CC24D0D1FF0088B033 /* Base */ = {isa = PBXFileReference; lastKnownFileType = file.storyboard; name = Base; path = Base.lproj/Main.storyboard; sourceTree = "<group>"; };
		906662CE24D0D2000088B033 /* Assets.xcassets */ = {isa = PBXFileReference; lastKnownFileType = folder.assetcatalog; path = Assets.xcassets; sourceTree = "<group>"; };
		906662D124D0D2000088B033 /* Base */ = {isa = PBXFileReference; lastKnownFileType = file.storyboard; name = Base; path = Base.lproj/LaunchScreen.storyboard; sourceTree = "<group>"; };
		906662D324D0D2000088B033 /* Info.plist */ = {isa = PBXFileReference; lastKnownFileType = text.plist.xml; path = Info.plist; sourceTree = "<group>"; };
		906662D924D0D2F50088B033 /* PageViewController.swift */ = {isa = PBXFileReference; lastKnownFileType = sourcecode.swift; path = PageViewController.swift; sourceTree = "<group>"; };
		906662DB24D0D3290088B033 /* ViewController1.swift */ = {isa = PBXFileReference; lastKnownFileType = sourcecode.swift; path = ViewController1.swift; sourceTree = "<group>"; };
		906662DD24D0D3450088B033 /* ViewController2.swift */ = {isa = PBXFileReference; lastKnownFileType = sourcecode.swift; path = ViewController2.swift; sourceTree = "<group>"; };
		906662DF24D0D3720088B033 /* ViewController3.swift */ = {isa = PBXFileReference; lastKnownFileType = sourcecode.swift; path = ViewController3.swift; sourceTree = "<group>"; };
/* End PBXFileReference section */

/* Begin PBXFrameworksBuildPhase section */
		906662BF24D0D1FF0088B033 /* Frameworks */ = {
			isa = PBXFrameworksBuildPhase;
			buildActionMask = 2147483647;
			files = (
			);
			runOnlyForDeploymentPostprocessing = 0;
		};
/* End PBXFrameworksBuildPhase section */

/* Begin PBXGroup section */
		906662B924D0D1FF0088B033 = {
			isa = PBXGroup;
			children = (
				906662C424D0D1FF0088B033 /* PageViewControllerAndTableView */,
				906662C324D0D1FF0088B033 /* Products */,
			);
			sourceTree = "<group>";
		};
		906662C324D0D1FF0088B033 /* Products */ = {
			isa = PBXGroup;
			children = (
				906662C224D0D1FF0088B033 /* PageViewControllerAndTableView.app */,
			);
			name = Products;
			sourceTree = "<group>";
		};
		906662C424D0D1FF0088B033 /* PageViewControllerAndTableView */ = {
			isa = PBXGroup;
			children = (
				906662C524D0D1FF0088B033 /* AppDelegate.swift */,
				906662C724D0D1FF0088B033 /* SceneDelegate.swift */,
				906662C924D0D1FF0088B033 /* ViewController.swift */,
				906662CB24D0D1FF0088B033 /* Main.storyboard */,
				906662CE24D0D2000088B033 /* Assets.xcassets */,
				906662D024D0D2000088B033 /* LaunchScreen.storyboard */,
				906662D324D0D2000088B033 /* Info.plist */,
				906662D924D0D2F50088B033 /* PageViewController.swift */,
				906662DB24D0D3290088B033 /* ViewController1.swift */,
				906662DD24D0D3450088B033 /* ViewController2.swift */,
				906662DF24D0D3720088B033 /* ViewController3.swift */,
			);
			path = PageViewControllerAndTableView;
			sourceTree = "<group>";
		};
/* End PBXGroup section */

/* Begin PBXNativeTarget section */
		906662C124D0D1FF0088B033 /* PageViewControllerAndTableView */ = {
			isa = PBXNativeTarget;
			buildConfigurationList = 906662D624D0D2000088B033 /* Build configuration list for PBXNativeTarget "PageViewControllerAndTableView" */;
			buildPhases = (
				906662BE24D0D1FF0088B033 /* Sources */,
				906662BF24D0D1FF0088B033 /* Frameworks */,
				906662C024D0D1FF0088B033 /* Resources */,
			);
			buildRules = (
			);
			dependencies = (
			);
			name = PageViewControllerAndTableView;
			productName = PageViewControllerAndTableView;
			productReference = 906662C224D0D1FF0088B033 /* PageViewControllerAndTableView.app */;
			productType = "com.apple.product-type.application";
		};
/* End PBXNativeTarget section */

/* Begin PBXProject section */
		906662BA24D0D1FF0088B033 /* Project object */ = {
			isa = PBXProject;
			attributes = {
				LastSwiftUpdateCheck = 1140;
				LastUpgradeCheck = 1140;
				ORGANIZATIONNAME = JHM;
				TargetAttributes = {
					906662C124D0D1FF0088B033 = {
						CreatedOnToolsVersion = 11.4;
					};
				};
			};
			buildConfigurationList = 906662BD24D0D1FF0088B033 /* Build configuration list for PBXProject "PageViewControllerAndTableView" */;
			compatibilityVersion = "Xcode 9.3";
			developmentRegion = en;
			hasScannedForEncodings = 0;
			knownRegions = (
				en,
				Base,
			);
			mainGroup = 906662B924D0D1FF0088B033;
			productRefGroup = 906662C324D0D1FF0088B033 /* Products */;
			projectDirPath = "";
			projectRoot = "";
			targets = (
				906662C124D0D1FF0088B033 /* PageViewControllerAndTableView */,
			);
		};
/* End PBXProject section */

/* Begin PBXResourcesBuildPhase section */
		906662C024D0D1FF0088B033 /* Resources */ = {
			isa = PBXResourcesBuildPhase;
			buildActionMask = 2147483647;
			files = (
				906662D224D0D2000088B033 /* LaunchScreen.storyboard in Resources */,
				906662CF24D0D2000088B033 /* Assets.xcassets in Resources */,
				906662CD24D0D1FF0088B033 /* Main.storyboard in Resources */,
			);
			runOnlyForDeploymentPostprocessing = 0;
		};
/* End PBXResourcesBuildPhase section */

/* Begin PBXSourcesBuildPhase section */
		906662BE24D0D1FF0088B033 /* Sources */ = {
			isa = PBXSourcesBuildPhase;
			buildActionMask = 2147483647;
			files = (
				906662CA24D0D1FF0088B033 /* ViewController.swift in Sources */,
				906662DC24D0D3290088B033 /* ViewController1.swift in Sources */,
				906662C624D0D1FF0088B033 /* AppDelegate.swift in Sources */,
				906662C824D0D1FF0088B033 /* SceneDelegate.swift in Sources */,
				906662DA24D0D2F50088B033 /* PageViewController.swift in Sources */,
				906662E024D0D3720088B033 /* ViewController3.swift in Sources */,
				906662DE24D0D3450088B033 /* ViewController2.swift in Sources */,
			);
			runOnlyForDeploymentPostprocessing = 0;
		};
/* End PBXSourcesBuildPhase section */

/* Begin PBXVariantGroup section */
		906662CB24D0D1FF0088B033 /* Main.storyboard */ = {
			isa = PBXVariantGroup;
			children = (
				906662CC24D0D1FF0088B033 /* Base */,
			);
			name = Main.storyboard;
			sourceTree = "<group>";
		};
		906662D024D0D2000088B033 /* LaunchScreen.storyboard */ = {
			isa = PBXVariantGroup;
			children = (
				906662D124D0D2000088B033 /* Base */,
			);
			name = LaunchScreen.storyboard;
			sourceTree = "<group>";
		};
/* End PBXVariantGroup section */

/* Begin XCBuildConfiguration section */
		906662D424D0D2000088B033 /* Debug */ = {
			isa = XCBuildConfiguration;
			buildSettings = {
				ALWAYS_SEARCH_USER_PATHS = NO;
				CLANG_ANALYZER_NONNULL = YES;
				CLANG_ANALYZER_NUMBER_OBJECT_CONVERSION = YES_AGGRESSIVE;
				CLANG_CXX_LANGUAGE_STANDARD = "gnu++14";
				CLANG_CXX_LIBRARY = "libc++";
				CLANG_ENABLE_MODULES = YES;
				CLANG_ENABLE_OBJC_ARC = YES;
				CLANG_ENABLE_OBJC_WEAK = YES;
				CLANG_WARN_BLOCK_CAPTURE_AUTORELEASING = YES;
				CLANG_WARN_BOOL_CONVERSION = YES;
				CLANG_WARN_COMMA = YES;
				CLANG_WARN_CONSTANT_CONVERSION = YES;
				CLANG_WARN_DEPRECATED_OBJC_IMPLEMENTATIONS = YES;
				CLANG_WARN_DIRECT_OBJC_ISA_USAGE = YES_ERROR;
				CLANG_WARN_DOCUMENTATION_COMMENTS = YES;
				CLANG_WARN_EMPTY_BODY = YES;
				CLANG_WARN_ENUM_CONVERSION = YES;
				CLANG_WARN_INFINITE_RECURSION = YES;
				CLANG_WARN_INT_CONVERSION = YES;
				CLANG_WARN_NON_LITERAL_NULL_CONVERSION = YES;
				CLANG_WARN_OBJC_IMPLICIT_RETAIN_SELF = YES;
				CLANG_WARN_OBJC_LITERAL_CONVERSION = YES;
				CLANG_WARN_OBJC_ROOT_CLASS = YES_ERROR;
				CLANG_WARN_RANGE_LOOP_ANALYSIS = YES;
				CLANG_WARN_STRICT_PROTOTYPES = YES;
				CLANG_WARN_SUSPICIOUS_MOVE = YES;
				CLANG_WARN_UNGUARDED_AVAILABILITY = YES_AGGRESSIVE;
				CLANG_WARN_UNREACHABLE_CODE = YES;
				CLANG_WARN__DUPLICATE_METHOD_MATCH = YES;
				COPY_PHASE_STRIP = NO;
				DEBUG_INFORMATION_FORMAT = dwarf;
				ENABLE_STRICT_OBJC_MSGSEND = YES;
				ENABLE_TESTABILITY = YES;
				GCC_C_LANGUAGE_STANDARD = gnu11;
				GCC_DYNAMIC_NO_PIC = NO;
				GCC_NO_COMMON_BLOCKS = YES;
				GCC_OPTIMIZATION_LEVEL = 0;
				GCC_PREPROCESSOR_DEFINITIONS = (
					"DEBUG=1",
					"$(inherited)",
				);
				GCC_WARN_64_TO_32_BIT_CONVERSION = YES;
				GCC_WARN_ABOUT_RETURN_TYPE = YES_ERROR;
				GCC_WARN_UNDECLARED_SELECTOR = YES;
				GCC_WARN_UNINITIALIZED_AUTOS = YES_AGGRESSIVE;
				GCC_WARN_UNUSED_FUNCTION = YES;
				GCC_WARN_UNUSED_VARIABLE = YES;
				IPHONEOS_DEPLOYMENT_TARGET = 13.4;
				MTL_ENABLE_DEBUG_INFO = INCLUDE_SOURCE;
				MTL_FAST_MATH = YES;
				ONLY_ACTIVE_ARCH = YES;
				SDKROOT = iphoneos;
				SWIFT_ACTIVE_COMPILATION_CONDITIONS = DEBUG;
				SWIFT_OPTIMIZATION_LEVEL = "-Onone";
			};
			name = Debug;
		};
		906662D524D0D2000088B033 /* Release */ = {
			isa = XCBuildConfiguration;
			buildSettings = {
				ALWAYS_SEARCH_USER_PATHS = NO;
				CLANG_ANALYZER_NONNULL = YES;
				CLANG_ANALYZER_NUMBER_OBJECT_CONVERSION = YES_AGGRESSIVE;
				CLANG_CXX_LANGUAGE_STANDARD = "gnu++14";
				CLANG_CXX_LIBRARY = "libc++";
				CLANG_ENABLE_MODULES = YES;
				CLANG_ENABLE_OBJC_ARC = YES;
				CLANG_ENABLE_OBJC_WEAK = YES;
				CLANG_WARN_BLOCK_CAPTURE_AUTORELEASING = YES;
				CLANG_WARN_BOOL_CONVERSION = YES;
				CLANG_WARN_COMMA = YES;
				CLANG_WARN_CONSTANT_CONVERSION = YES;
				CLANG_WARN_DEPRECATED_OBJC_IMPLEMENTATIONS = YES;
				CLANG_WARN_DIRECT_OBJC_ISA_USAGE = YES_ERROR;
				CLANG_WARN_DOCUMENTATION_COMMENTS = YES;
				CLANG_WARN_EMPTY_BODY = YES;
				CLANG_WARN_ENUM_CONVERSION = YES;
				CLANG_WARN_INFINITE_RECURSION = YES;
				CLANG_WARN_INT_CONVERSION = YES;
				CLANG_WARN_NON_LITERAL_NULL_CONVERSION = YES;
				CLANG_WARN_OBJC_IMPLICIT_RETAIN_SELF = YES;
				CLANG_WARN_OBJC_LITERAL_CONVERSION = YES;
				CLANG_WARN_OBJC_ROOT_CLASS = YES_ERROR;
				CLANG_WARN_RANGE_LOOP_ANALYSIS = YES;
				CLANG_WARN_STRICT_PROTOTYPES = YES;
				CLANG_WARN_SUSPICIOUS_MOVE = YES;
				CLANG_WARN_UNGUARDED_AVAILABILITY = YES_AGGRESSIVE;
				CLANG_WARN_UNREACHABLE_CODE = YES;
				CLANG_WARN__DUPLICATE_METHOD_MATCH = YES;
				COPY_PHASE_STRIP = NO;
				DEBUG_INFORMATION_FORMAT = "dwarf-with-dsym";
				ENABLE_NS_ASSERTIONS = NO;
				ENABLE_STRICT_OBJC_MSGSEND = YES;
				GCC_C_LANGUAGE_STANDARD = gnu11;
				GCC_NO_COMMON_BLOCKS = YES;
				GCC_WARN_64_TO_32_BIT_CONVERSION = YES;
				GCC_WARN_ABOUT_RETURN_TYPE = YES_ERROR;
				GCC_WARN_UNDECLARED_SELECTOR = YES;
				GCC_WARN_UNINITIALIZED_AUTOS = YES_AGGRESSIVE;
				GCC_WARN_UNUSED_FUNCTION = YES;
				GCC_WARN_UNUSED_VARIABLE = YES;
				IPHONEOS_DEPLOYMENT_TARGET = 13.4;
				MTL_ENABLE_DEBUG_INFO = NO;
				MTL_FAST_MATH = YES;
				SDKROOT = iphoneos;
				SWIFT_COMPILATION_MODE = wholemodule;
				SWIFT_OPTIMIZATION_LEVEL = "-O";
				VALIDATE_PRODUCT = YES;
			};
			name = Release;
		};
		906662D724D0D2000088B033 /* Debug */ = {
			isa = XCBuildConfiguration;
			buildSettings = {
				ASSETCATALOG_COMPILER_APPICON_NAME = AppIcon;
				CODE_SIGN_STYLE = Automatic;
				DEVELOPMENT_TEAM = UM9T2U24VQ;
				INFOPLIST_FILE = PageViewControllerAndTableView/Info.plist;
				LD_RUNPATH_SEARCH_PATHS = (
					"$(inherited)",
					"@executable_path/Frameworks",
				);
				PRODUCT_BUNDLE_IDENTIFIER = com.hm.PageViewControllerAndTableView;
				PRODUCT_NAME = "$(TARGET_NAME)";
				SWIFT_VERSION = 5.0;
				TARGETED_DEVICE_FAMILY = "1,2";
			};
			name = Debug;
		};
		906662D824D0D2000088B033 /* Release */ = {
			isa = XCBuildConfiguration;
			buildSettings = {
				ASSETCATALOG_COMPILER_APPICON_NAME = AppIcon;
				CODE_SIGN_STYLE = Automatic;
				DEVELOPMENT_TEAM = UM9T2U24VQ;
				INFOPLIST_FILE = PageViewControllerAndTableView/Info.plist;
				LD_RUNPATH_SEARCH_PATHS = (
					"$(inherited)",
					"@executable_path/Frameworks",
				);
				PRODUCT_BUNDLE_IDENTIFIER = com.hm.PageViewControllerAndTableView;
				PRODUCT_NAME = "$(TARGET_NAME)";
				SWIFT_VERSION = 5.0;
				TARGETED_DEVICE_FAMILY = "1,2";
			};
			name = Release;
		};
/* End XCBuildConfiguration section */

/* Begin XCConfigurationList section */
		906662BD24D0D1FF0088B033 /* Build configuration list for PBXProject "PageViewControllerAndTableView" */ = {
			isa = XCConfigurationList;
			buildConfigurations = (
				906662D424D0D2000088B033 /* Debug */,
				906662D524D0D2000088B033 /* Release */,
			);
			defaultConfigurationIsVisible = 0;
			defaultConfigurationName = Release;
		};
		906662D624D0D2000088B033 /* Build configuration list for PBXNativeTarget "PageViewControllerAndTableView" */ = {
			isa = XCConfigurationList;
			buildConfigurations = (
				906662D724D0D2000088B033 /* Debug */,
				906662D824D0D2000088B033 /* Release */,
			);
			defaultConfigurationIsVisible = 0;
			defaultConfigurationName = Release;
		};
/* End XCConfigurationList section */
	};
	rootObject = 906662BA24D0D1FF0088B033 /* Project object */;
}
